<?xml version="1.0" encoding="utf-8"?>
<Project ToolsVersion="4.0" xmlns="http://schemas.microsoft.com/developer/msbuild/2003">
  <ItemGroup>
    <Filter Include="Исходные файлы">
      <UniqueIdentifier>{4FC737F1-C7A5-4376-A066-2A32D752A2FF}</UniqueIdentifier>
      <Extensions>cpp;c;cc;cxx;c++;cppm;ixx;def;odl;idl;hpj;bat;asm;asmx</Extensions>
    </Filter>
    <Filter Include="Model">
      <UniqueIdentifier>{24570356-b469-4b53-b061-eb99017c01f5}</UniqueIdentifier>
    </Filter>
    <Filter Include="Model\Domains">
      <UniqueIdentifier>{d43c13d3-5ba2-4ca7-a7a2-e40143f46fa0}</UniqueIdentifier>
    </Filter>
    <Filter Include="Model\Domains\Headers">
      <UniqueIdentifier>{c624a679-5ead-4545-8317-441991aeb57c}</UniqueIdentifier>
    </Filter>
    <Filter Include="Model\Repository">
      <UniqueIdentifier>{6d6fa693-a62a-4d0a-a8e3-a8fbc715477d}</UniqueIdentifier>
    </Filter>
    <Filter Include="Model\Repository\Headers">
      <UniqueIdentifier>{645e6120-1f0d-457c-a7a3-ef004bbf1d98}</UniqueIdentifier>
    </Filter>
    <Filter Include="Controllers">
      <UniqueIdentifier>{400c2a74-946c-4942-87b2-418929498ebd}</UniqueIdentifier>
    </Filter>
    <Filter Include="View">
      <UniqueIdentifier>{e952c260-79bb-406f-abac-eb3caa5a3d30}</UniqueIdentifier>
    </Filter>
    <Filter Include="View\Headers">
      <UniqueIdentifier>{99d91f88-ea47-4cea-b1ff-d6f43688fde5}</UniqueIdentifier>
    </Filter>
    <Filter Include="Model\Comparators">
      <UniqueIdentifier>{02b2c0fe-c858-4115-9868-89786c4f4d8a}</UniqueIdentifier>
    </Filter>
    <Filter Include="Model\Services">
      <UniqueIdentifier>{5865b296-9201-420b-8fef-92d38835c89d}</UniqueIdentifier>
    </Filter>
    <Filter Include="Model\Comparators\Headers">
      <UniqueIdentifier>{b8f4bb19-bd99-4167-800d-74997b436023}</UniqueIdentifier>
    </Filter>
    <Filter Include="Model\Services\Serialization">
      <UniqueIdentifier>{2e75fd52-2cb6-4a59-826f-8d1b08bbd431}</UniqueIdentifier>
    </Filter>
    <Filter Include="Model\Services\Serialization\Headers">
      <UniqueIdentifier>{c4b6f24f-9815-4519-97f3-f6ddb520fa14}</UniqueIdentifier>
    </Filter>
    <Filter Include="Controllers\ModelsControllers">
      <UniqueIdentifier>{83b62566-96a9-40cc-906b-f40ce24dcdcf}</UniqueIdentifier>
    </Filter>
    <Filter Include="Controllers\ModelsControllers\Headers">
      <UniqueIdentifier>{00e40301-8834-4729-9a0f-989bbf3ece95}</UniqueIdentifier>
    </Filter>
    <Filter Include="Controllers\Authorization">
      <UniqueIdentifier>{73d6d92a-773e-4455-896e-82f06ac39dcc}</UniqueIdentifier>
    </Filter>
    <Filter Include="Controllers\Authorization\Headers">
      <UniqueIdentifier>{c5f7b323-d3cf-4cbc-ba94-b5220b904dc3}</UniqueIdentifier>
    </Filter>
  </ItemGroup>
  <ItemGroup>
    <ClInclude Include="Product.h">
      <Filter>Model\Domains\Headers</Filter>
    </ClInclude>
    <ClInclude Include="User.h">
      <Filter>Model\Domains\Headers</Filter>
    </ClInclude>
    <ClInclude Include="IDomain.h">
      <Filter>Model\Domains\Headers</Filter>
    </ClInclude>
    <ClInclude Include="DomainRepository.h">
      <Filter>Model\Repository\Headers</Filter>
    </ClInclude>
    <ClInclude Include="ProductRepository.h">
      <Filter>Model\Repository\Headers</Filter>
    </ClInclude>
    <ClInclude Include="UserRepository.h">
      <Filter>Model\Repository\Headers</Filter>
    </ClInclude>
    <ClInclude Include="MenuView.h">
      <Filter>View\Headers</Filter>
    </ClInclude>
    <ClInclude Include="ConsoleView.h">
      <Filter>View\Headers</Filter>
    </ClInclude>
    <ClInclude Include="DomainComparator.h">
      <Filter>Model\Comparators\Headers</Filter>
    </ClInclude>
    <ClInclude Include="SerializationService.h">
      <Filter>Model\Services\Serialization\Headers</Filter>
    </ClInclude>
    <ClInclude Include="ProductController.h">
      <Filter>Controllers\ModelsControllers\Headers</Filter>
    </ClInclude>
    <ClInclude Include="UserController.h">
      <Filter>Controllers\ModelsControllers\Headers</Filter>
    </ClInclude>
    <ClInclude Include="AuthorizationController.h">
      <Filter>Controllers\Authorization\Headers</Filter>
    </ClInclude>
    <ClInclude Include="App.h">
      <Filter>Исходные файлы</Filter>
    </ClInclude>
  </ItemGroup>
  <ItemGroup>
    <ClCompile Include="App.cpp">
      <Filter>Исходные файлы</Filter>
    </ClCompile>
    <ClCompile Include="IDomain.cpp">
      <Filter>Model\Domains</Filter>
    </ClCompile>
    <ClCompile Include="Product.cpp">
      <Filter>Model\Domains</Filter>
    </ClCompile>
    <ClCompile Include="User.cpp">
      <Filter>Model\Domains</Filter>
    </ClCompile>
    <ClCompile Include="UserRepository.cpp">
      <Filter>Model\Repository</Filter>
    </ClCompile>
    <ClCompile Include="ProductRepository.cpp">
      <Filter>Model\Repository</Filter>
    </ClCompile>
    <ClCompile Include="MenuView.cpp">
      <Filter>View</Filter>
    </ClCompile>
    <ClCompile Include="ConsoleView.cpp">
      <Filter>View</Filter>
    </ClCompile>
    <ClCompile Include="ProductController.cpp">
      <Filter>Controllers\ModelsControllers</Filter>
    </ClCompile>
    <ClCompile Include="UserController.cpp">
      <Filter>Controllers\ModelsControllers</Filter>
    </ClCompile>
    <ClCompile Include="AuthorizationController.cpp">
      <Filter>Controllers\Authorization</Filter>
    </ClCompile>
  </ItemGroup>
  <ItemGroup>
    <None Include="ClassDiagram.cd" />
  </ItemGroup>
</Project>