<?xml version="1.0" encoding="utf-8"?>
<Project ToolsVersion="4.0" xmlns="http://schemas.microsoft.com/developer/msbuild/2003">
  <ItemGroup>
    <Filter Include="Исходные файлы">
      <UniqueIdentifier>{4FC737F1-C7A5-4376-A066-2A32D752A2FF}</UniqueIdentifier>
      <Extensions>cpp;c;cc;cxx;c++;cppm;ixx;def;odl;idl;hpj;bat;asm;asmx</Extensions>
    </Filter>
    <Filter Include="Model">
      <UniqueIdentifier>{24570356-b469-4b53-b061-eb99017c01f5}</UniqueIdentifier>
    </Filter>
    <Filter Include="Model\Domains">
      <UniqueIdentifier>{d43c13d3-5ba2-4ca7-a7a2-e40143f46fa0}</UniqueIdentifier>
    </Filter>
    <Filter Include="Model\Domains\Headers">
      <UniqueIdentifier>{c624a679-5ead-4545-8317-441991aeb57c}</UniqueIdentifier>
    </Filter>
    <Filter Include="Model\Repository">
      <UniqueIdentifier>{6d6fa693-a62a-4d0a-a8e3-a8fbc715477d}</UniqueIdentifier>
    </Filter>
    <Filter Include="Model\Repository\Headers">
      <UniqueIdentifier>{645e6120-1f0d-457c-a7a3-ef004bbf1d98}</UniqueIdentifier>
    </Filter>
    <Filter Include="Controllers">
      <UniqueIdentifier>{400c2a74-946c-4942-87b2-418929498ebd}</UniqueIdentifier>
    </Filter>
    <Filter Include="View">
      <UniqueIdentifier>{e952c260-79bb-406f-abac-eb3caa5a3d30}</UniqueIdentifier>
    </Filter>
    <Filter Include="Model\Services">
      <UniqueIdentifier>{5865b296-9201-420b-8fef-92d38835c89d}</UniqueIdentifier>
    </Filter>
    <Filter Include="Controllers\ModelsControllers">
      <UniqueIdentifier>{83b62566-96a9-40cc-906b-f40ce24dcdcf}</UniqueIdentifier>
    </Filter>
    <Filter Include="Controllers\ModelsControllers\Headers">
      <UniqueIdentifier>{00e40301-8834-4729-9a0f-989bbf3ece95}</UniqueIdentifier>
    </Filter>
    <Filter Include="Controllers\Authorization">
      <UniqueIdentifier>{73d6d92a-773e-4455-896e-82f06ac39dcc}</UniqueIdentifier>
    </Filter>
    <Filter Include="Controllers\Authorization\Headers">
      <UniqueIdentifier>{c5f7b323-d3cf-4cbc-ba94-b5220b904dc3}</UniqueIdentifier>
    </Filter>
    <Filter Include="Model\Services\Console">
      <UniqueIdentifier>{52a8d9df-f7c9-4825-a877-460dc718447b}</UniqueIdentifier>
    </Filter>
    <Filter Include="Model\Services\CsvExchanger">
      <UniqueIdentifier>{a349ac0f-2e6d-4afe-8b4f-b7b89c704492}</UniqueIdentifier>
    </Filter>
    <Filter Include="Model\Exstensions">
      <UniqueIdentifier>{cb71f070-e578-475e-9930-3720fa3cd0b0}</UniqueIdentifier>
    </Filter>
    <Filter Include="Model\Exstensions\String">
      <UniqueIdentifier>{e59e8204-c0f2-409f-914b-2018d1b00e0b}</UniqueIdentifier>
    </Filter>
    <Filter Include="Model\Exstensions\Vector">
      <UniqueIdentifier>{fca70155-e0cf-4f2e-8454-898d14ac4d77}</UniqueIdentifier>
    </Filter>
    <Filter Include="Model\Services\BinaryExchanger">
      <UniqueIdentifier>{2e75fd52-2cb6-4a59-826f-8d1b08bbd431}</UniqueIdentifier>
    </Filter>
    <Filter Include="View\BaseMenu">
      <UniqueIdentifier>{9e87425f-416e-4671-89f2-da9b1cb75f07}</UniqueIdentifier>
    </Filter>
    <Filter Include="Controllers\UsersControllers">
      <UniqueIdentifier>{763c08b5-ee53-4bc2-8f3d-c0b8b1f1b6d3}</UniqueIdentifier>
    </Filter>
  </ItemGroup>
  <ItemGroup>
    <ClInclude Include="Product.h">
      <Filter>Model\Domains\Headers</Filter>
    </ClInclude>
    <ClInclude Include="User.h">
      <Filter>Model\Domains\Headers</Filter>
    </ClInclude>
    <ClInclude Include="Domain.h">
      <Filter>Model\Domains\Headers</Filter>
    </ClInclude>
    <ClInclude Include="DomainRepository.h">
      <Filter>Model\Repository\Headers</Filter>
    </ClInclude>
    <ClInclude Include="ProductRepository.h">
      <Filter>Model\Repository\Headers</Filter>
    </ClInclude>
    <ClInclude Include="UserRepository.h">
      <Filter>Model\Repository\Headers</Filter>
    </ClInclude>
    <ClInclude Include="ProductController.h">
      <Filter>Controllers\ModelsControllers\Headers</Filter>
    </ClInclude>
    <ClInclude Include="UserController.h">
      <Filter>Controllers\ModelsControllers\Headers</Filter>
    </ClInclude>
    <ClInclude Include="AuthorizationController.h">
      <Filter>Controllers\Authorization\Headers</Filter>
    </ClInclude>
    <ClInclude Include="ConsoleIO.h">
      <Filter>Model\Services\Console</Filter>
    </ClInclude>
    <ClInclude Include="CSVData.h">
      <Filter>Model\Services\CsvExchanger</Filter>
    </ClInclude>
    <ClInclude Include="CSVDataService.h">
      <Filter>Model\Services\CsvExchanger</Filter>
    </ClInclude>
    <ClInclude Include="BinaryDataService.h">
      <Filter>Model\Services\BinaryExchanger</Filter>
    </ClInclude>
    <ClInclude Include="StringExtension.h">
      <Filter>Model\Exstensions\String</Filter>
    </ClInclude>
    <ClInclude Include="VectorExtension.h">
      <Filter>Model\Exstensions\Vector</Filter>
    </ClInclude>
    <ClInclude Include="BinaryData.h">
      <Filter>Model\Services\BinaryExchanger</Filter>
    </ClInclude>
    <ClInclude Include="MenuView.h">
      <Filter>View\BaseMenu</Filter>
    </ClInclude>
    <ClInclude Include="AdminController.h">
      <Filter>Controllers\UsersControllers</Filter>
    </ClInclude>
    <ClInclude Include="DefaultUserController.h">
      <Filter>Controllers\UsersControllers</Filter>
    </ClInclude>
  </ItemGroup>
  <ItemGroup>
    <ClCompile Include="App.cpp">
      <Filter>Исходные файлы</Filter>
    </ClCompile>
    <ClCompile Include="Domain.cpp">
      <Filter>Model\Domains</Filter>
    </ClCompile>
    <ClCompile Include="Product.cpp">
      <Filter>Model\Domains</Filter>
    </ClCompile>
    <ClCompile Include="User.cpp">
      <Filter>Model\Domains</Filter>
    </ClCompile>
    <ClCompile Include="UserRepository.cpp">
      <Filter>Model\Repository</Filter>
    </ClCompile>
    <ClCompile Include="ProductRepository.cpp">
      <Filter>Model\Repository</Filter>
    </ClCompile>
    <ClCompile Include="ProductController.cpp">
      <Filter>Controllers\ModelsControllers</Filter>
    </ClCompile>
    <ClCompile Include="UserController.cpp">
      <Filter>Controllers\ModelsControllers</Filter>
    </ClCompile>
    <ClCompile Include="AuthorizationController.cpp">
      <Filter>Controllers\Authorization</Filter>
    </ClCompile>
    <ClCompile Include="ConsoleIO.cpp">
      <Filter>Model\Services\Console</Filter>
    </ClCompile>
    <ClCompile Include="MenuView.cpp">
      <Filter>View\BaseMenu</Filter>
    </ClCompile>
  </ItemGroup>
  <ItemGroup>
    <None Include="ClassDiagram.cd" />
  </ItemGroup>
</Project>